schema: '2.0'
stages:
  _check-env-main:
    cmd: calkit check environment --name main
    deps:
    - path: requirements.txt
      hash: md5
      md5: 82abbee06642a7390ea04a88b634d25c
      size: 150
    outs:
    - path: .calkit/env-locks/main.txt
      hash: md5
      md5: b9c363d71acbfdab69715b26758838c8
      size: 697
  run:
    cmd: calkit xenv -n main --no-check -- python run.py
    deps:
    - path: .calkit/env-locks/main.txt
      hash: md5
      md5: b9c363d71acbfdab69715b26758838c8
      size: 697
    - path: model.py
      hash: md5
      md5: 33e480dd5d40b3cf20089da48324f028
      size: 22161
    - path: run.py
      hash: md5
      md5: 26643454ddb33a88c4edf73ff2fdbbe1
      size: 915
    outs:
    - path: two-dim/data
      hash: md5
      md5: 7d8c31f92886fed0cc465eaca2c2d4ea.dir
      size: 204004
      nfiles: 1
    - path: two-dim/snapshots
      hash: md5
      md5: c3ec6a0a80795d8720812d1d8f03b06c.dir
      size: 30748
      nfiles: 2
  post-process:
    cmd: calkit xenv -n main --no-check -- python postprocess.py
    deps:
    - path: .calkit/env-locks/main.txt
      hash: md5
      md5: b9c363d71acbfdab69715b26758838c8
      size: 697
    - path: analysis_utils.py
      hash: md5
      md5: 82be04856bdf017c4ee9c8bc5789afbd
      size: 5010
    - path: model.py
      hash: md5
      md5: 33e480dd5d40b3cf20089da48324f028
      size: 22161
    - path: plots.mplstyle
      hash: md5
      md5: 17ad5c2a561e2ab40a3c3ae96a8017ea
      size: 1322
    - path: plotting_utils.py
      hash: md5
      md5: dbaf22a0d47f64e521121f461eb06654
      size: 3435
    - path: postprocess.py
      hash: md5
      md5: 489948e2e3abc318c9c925dd07cec6d2
      size: 1996
    outs:
    - path: two-dim/analysis
      hash: md5
      md5: 87ae6742de6472c78a8ca3a023bb4d76.dir
      size: 500562
      nfiles: 6
